
Microsoft Visual Studio Solution File, Format Version 12.00
# Visual Studio Version 17
VisualStudioVersion = 17.8.34330.188
MinimumVisualStudioVersion = 10.0.40219.1
Project("{FAE04EC0-301F-11D3-BF4B-00C04F79EFBC}") = "apBiblioteca", "apBiblioteca.csproj", "{1E02A16F-5A6F-49D2-BB5A-0470621028DD}"
EndProject
Global
	GlobalSection(SolutionConfigurationPlatforms) = preSolution
		Debug|Any CPU = Debug|Any CPU
		Release|Any CPU = Release|Any CPU
	EndGlobalSection
	GlobalSection(ProjectConfigurationPlatforms) = postSolution
		{1E02A16F-5A6F-49D2-BB5A-0470621028DD}.Debug|Any CPU.ActiveCfg = Debug|Any CPU
		{1E02A16F-5A6F-49D2-BB5A-0470621028DD}.Debug|Any CPU.Build.0 = Debug|Any CPU
		{1E02A16F-5A6F-49D2-BB5A-0470621028DD}.Release|Any CPU.ActiveCfg = Release|Any CPU
		{1E02A16F-5A6F-49D2-BB5A-0470621028DD}.Release|Any CPU.Build.0 = Release|Any CPU
	EndGlobalSection
	GlobalSection(SolutionProperties) = preSolution
		HideSolutionNode = FALSE
	EndGlobalSection
	GlobalSection(ExtensibilityGlobals) = postSolution
		SolutionGuid = {10AE7B46-5FBB-40D4-A2EB-36160BE37E80}
	EndGlobalSection
EndGlobal
